
Microsoft Visual Studio Solution File, Format Version 12.00
# Visual Studio Version 17
VisualStudioVersion = 17.5.002.0
MinimumVisualStudioVersion = 10.0.40219.1
Project("{9A19103F-16F7-4668-BE54-9A1E7A4F7556}") = "api-gateway", "api-gateway\api-gateway.csproj", "{0DF37132-33E5-402B-94F3-D627596F1D23}"
EndProject
Project("{9A19103F-16F7-4668-BE54-9A1E7A4F7556}") = "service1", "service1\service1.csproj", "{CC10269A-C576-4EA1-A804-01F34FA2646C}"
EndProject
Project("{9A19103F-16F7-4668-BE54-9A1E7A4F7556}") = "service2", "service2\service2.csproj", "{5163F36D-47B3-42F6-B2E9-4436227BCFF7}"
EndProject
Global
	GlobalSection(SolutionConfigurationPlatforms) = preSolution
		Debug|Any CPU = Debug|Any CPU
		Release|Any CPU = Release|Any CPU
	EndGlobalSection
	GlobalSection(ProjectConfigurationPlatforms) = postSolution
		{0DF37132-33E5-402B-94F3-D627596F1D23}.Debug|Any CPU.ActiveCfg = Debug|Any CPU
		{0DF37132-33E5-402B-94F3-D627596F1D23}.Debug|Any CPU.Build.0 = Debug|Any CPU
		{0DF37132-33E5-402B-94F3-D627596F1D23}.Release|Any CPU.ActiveCfg = Release|Any CPU
		{0DF37132-33E5-402B-94F3-D627596F1D23}.Release|Any CPU.Build.0 = Release|Any CPU
		{CC10269A-C576-4EA1-A804-01F34FA2646C}.Debug|Any CPU.ActiveCfg = Debug|Any CPU
		{CC10269A-C576-4EA1-A804-01F34FA2646C}.Debug|Any CPU.Build.0 = Debug|Any CPU
		{CC10269A-C576-4EA1-A804-01F34FA2646C}.Release|Any CPU.ActiveCfg = Release|Any CPU
		{CC10269A-C576-4EA1-A804-01F34FA2646C}.Release|Any CPU.Build.0 = Release|Any CPU
		{5163F36D-47B3-42F6-B2E9-4436227BCFF7}.Debug|Any CPU.ActiveCfg = Debug|Any CPU
		{5163F36D-47B3-42F6-B2E9-4436227BCFF7}.Debug|Any CPU.Build.0 = Debug|Any CPU
		{5163F36D-47B3-42F6-B2E9-4436227BCFF7}.Release|Any CPU.ActiveCfg = Release|Any CPU
		{5163F36D-47B3-42F6-B2E9-4436227BCFF7}.Release|Any CPU.Build.0 = Release|Any CPU
	EndGlobalSection
	GlobalSection(SolutionProperties) = preSolution
		HideSolutionNode = FALSE
	EndGlobalSection
	GlobalSection(ExtensibilityGlobals) = postSolution
		SolutionGuid = {59B08555-7AAA-4A0A-A2F7-8B6209B988A8}
	EndGlobalSection
EndGlobal
